
Microsoft Visual Studio Solution File, Format Version 12.00
# Visual Studio Version 17
VisualStudioVersion = 17.11.35222.181
MinimumVisualStudioVersion = 10.0.40219.1
Project("{FAE04EC0-301F-11D3-BF4B-00C04F79EFBC}") = "LayoutClone", "LayoutClone\LayoutClone.csproj", "{D0B2FE59-497E-43EF-875B-E9C4D967BD69}"
EndProject
Global
	GlobalSection(SolutionConfigurationPlatforms) = preSolution
		Debug|Any CPU = Debug|Any CPU
		Release|Any CPU = Release|Any CPU
	EndGlobalSection
	GlobalSection(ProjectConfigurationPlatforms) = postSolution
		{D0B2FE59-497E-43EF-875B-E9C4D967BD69}.Debug|Any CPU.ActiveCfg = Debug|Any CPU
		{D0B2FE59-497E-43EF-875B-E9C4D967BD69}.Debug|Any CPU.Build.0 = Debug|Any CPU
		{D0B2FE59-497E-43EF-875B-E9C4D967BD69}.Release|Any CPU.ActiveCfg = Release|Any CPU
		{D0B2FE59-497E-43EF-875B-E9C4D967BD69}.Release|Any CPU.Build.0 = Release|Any CPU
	EndGlobalSection
	GlobalSection(SolutionProperties) = preSolution
		HideSolutionNode = FALSE
	EndGlobalSection
	GlobalSection(ExtensibilityGlobals) = postSolution
		SolutionGuid = {B5DA3C98-3B04-4B83-9A08-54AF3863392B}
	EndGlobalSection
EndGlobal
