
Microsoft Visual Studio Solution File, Format Version 12.00
# Visual Studio Version 17
VisualStudioVersion = 17.11.35222.181
MinimumVisualStudioVersion = 10.0.40219.1
Project("{FAE04EC0-301F-11D3-BF4B-00C04F79EFBC}") = "demo_MVC", "demo_MVC\demo_MVC.csproj", "{31DFE2E0-C11C-4DBE-B88D-7A91A7D1EE40}"
EndProject
Global
	GlobalSection(SolutionConfigurationPlatforms) = preSolution
		Debug|Any CPU = Debug|Any CPU
		Release|Any CPU = Release|Any CPU
	EndGlobalSection
	GlobalSection(ProjectConfigurationPlatforms) = postSolution
		{31DFE2E0-C11C-4DBE-B88D-7A91A7D1EE40}.Debug|Any CPU.ActiveCfg = Debug|Any CPU
		{31DFE2E0-C11C-4DBE-B88D-7A91A7D1EE40}.Debug|Any CPU.Build.0 = Debug|Any CPU
		{31DFE2E0-C11C-4DBE-B88D-7A91A7D1EE40}.Release|Any CPU.ActiveCfg = Release|Any CPU
		{31DFE2E0-C11C-4DBE-B88D-7A91A7D1EE40}.Release|Any CPU.Build.0 = Release|Any CPU
	EndGlobalSection
	GlobalSection(SolutionProperties) = preSolution
		HideSolutionNode = FALSE
	EndGlobalSection
	GlobalSection(ExtensibilityGlobals) = postSolution
		SolutionGuid = {6817A4DA-4F71-4442-9EEA-A0175251904C}
	EndGlobalSection
EndGlobal
