
Microsoft Visual Studio Solution File, Format Version 12.00
# Visual Studio Version 17
VisualStudioVersion = 17.11.35222.181
MinimumVisualStudioVersion = 10.0.40219.1
Project("{FAE04EC0-301F-11D3-BF4B-00C04F79EFBC}") = "testDeThi", "testDeThi\testDeThi.csproj", "{D0C9358E-D286-4794-AC94-2522E92F95AE}"
EndProject
Global
	GlobalSection(SolutionConfigurationPlatforms) = preSolution
		Debug|Any CPU = Debug|Any CPU
		Release|Any CPU = Release|Any CPU
	EndGlobalSection
	GlobalSection(ProjectConfigurationPlatforms) = postSolution
		{D0C9358E-D286-4794-AC94-2522E92F95AE}.Debug|Any CPU.ActiveCfg = Debug|Any CPU
		{D0C9358E-D286-4794-AC94-2522E92F95AE}.Debug|Any CPU.Build.0 = Debug|Any CPU
		{D0C9358E-D286-4794-AC94-2522E92F95AE}.Release|Any CPU.ActiveCfg = Release|Any CPU
		{D0C9358E-D286-4794-AC94-2522E92F95AE}.Release|Any CPU.Build.0 = Release|Any CPU
	EndGlobalSection
	GlobalSection(SolutionProperties) = preSolution
		HideSolutionNode = FALSE
	EndGlobalSection
	GlobalSection(ExtensibilityGlobals) = postSolution
		SolutionGuid = {42703974-B531-4CE5-944A-DC3C08A17065}
	EndGlobalSection
EndGlobal
