
Microsoft Visual Studio Solution File, Format Version 12.00
# Visual Studio Version 17
VisualStudioVersion = 17.11.35222.181
MinimumVisualStudioVersion = 10.0.40219.1
Project("{FAE04EC0-301F-11D3-BF4B-00C04F79EFBC}") = "ListViewExamle", "ListViewExamle\ListViewExamle.csproj", "{9437F9CA-86A6-44D7-AA93-51B47AE8A68B}"
EndProject
Global
	GlobalSection(SolutionConfigurationPlatforms) = preSolution
		Debug|Any CPU = Debug|Any CPU
		Release|Any CPU = Release|Any CPU
	EndGlobalSection
	GlobalSection(ProjectConfigurationPlatforms) = postSolution
		{9437F9CA-86A6-44D7-AA93-51B47AE8A68B}.Debug|Any CPU.ActiveCfg = Debug|Any CPU
		{9437F9CA-86A6-44D7-AA93-51B47AE8A68B}.Debug|Any CPU.Build.0 = Debug|Any CPU
		{9437F9CA-86A6-44D7-AA93-51B47AE8A68B}.Release|Any CPU.ActiveCfg = Release|Any CPU
		{9437F9CA-86A6-44D7-AA93-51B47AE8A68B}.Release|Any CPU.Build.0 = Release|Any CPU
	EndGlobalSection
	GlobalSection(SolutionProperties) = preSolution
		HideSolutionNode = FALSE
	EndGlobalSection
	GlobalSection(ExtensibilityGlobals) = postSolution
		SolutionGuid = {8D9638D5-4F10-4AF1-8A4F-9F0ECFFBC39D}
	EndGlobalSection
EndGlobal
