
Microsoft Visual Studio Solution File, Format Version 12.00
# Visual Studio Version 17
VisualStudioVersion = 17.11.35222.181
MinimumVisualStudioVersion = 10.0.40219.1
Project("{FAE04EC0-301F-11D3-BF4B-00C04F79EFBC}") = "testthithu", "testthithu\testthithu.csproj", "{B70714CE-53DC-41AE-816C-D107E046C522}"
EndProject
Global
	GlobalSection(SolutionConfigurationPlatforms) = preSolution
		Debug|Any CPU = Debug|Any CPU
		Release|Any CPU = Release|Any CPU
	EndGlobalSection
	GlobalSection(ProjectConfigurationPlatforms) = postSolution
		{B70714CE-53DC-41AE-816C-D107E046C522}.Debug|Any CPU.ActiveCfg = Debug|Any CPU
		{B70714CE-53DC-41AE-816C-D107E046C522}.Debug|Any CPU.Build.0 = Debug|Any CPU
		{B70714CE-53DC-41AE-816C-D107E046C522}.Release|Any CPU.ActiveCfg = Release|Any CPU
		{B70714CE-53DC-41AE-816C-D107E046C522}.Release|Any CPU.Build.0 = Release|Any CPU
	EndGlobalSection
	GlobalSection(SolutionProperties) = preSolution
		HideSolutionNode = FALSE
	EndGlobalSection
	GlobalSection(ExtensibilityGlobals) = postSolution
		SolutionGuid = {92AE6F7E-9036-42B2-BA2C-280E83D82BC5}
	EndGlobalSection
EndGlobal
